// !$*UTF8*$!
{
	archiveVersion = 1;
	classes = {
	};
	objectVersion = 77;
	objects = {

/* Begin PBXBuildFile section */
		5E98EC292EBFB5AF0053F78E /* AI.cpp in Sources */ = {isa = PBXBuildFile; fileRef = 5E98EC0E2EBFB5AF0053F78E /* AI.cpp */; };
		5E98EC2A2EBFB5AF0053F78E /* Building.cpp in Sources */ = {isa = PBXBuildFile; fileRef = 5E98EC102EBFB5AF0053F78E /* Building.cpp */; };
		5E98EC2B2EBFB5AF0053F78E /* main.cpp in Sources */ = {isa = PBXBuildFile; fileRef = 5E98EC1A2EBFB5AF0053F78E /* main.cpp */; };
		5E98EC2C2EBFB5AF0053F78E /* Game.cpp in Sources */ = {isa = PBXBuildFile; fileRef = 5E98EC192EBFB5AF0053F78E /* Game.cpp */; };
		5E98EC2D2EBFB5AF0053F78E /* Elevator.cpp in Sources */ = {isa = PBXBuildFile; fileRef = 5E98EC132EBFB5AF0053F78E /* Elevator.cpp */; };
		5E98EC2E2EBFB5AF0053F78E /* Floor.cpp in Sources */ = {isa = PBXBuildFile; fileRef = 5E98EC162EBFB5AF0053F78E /* Floor.cpp */; };
		5E98EC2F2EBFB5AF0053F78E /* Person.cpp in Sources */ = {isa = PBXBuildFile; fileRef = 5E98EC212EBFB5AF0053F78E /* Person.cpp */; };
		5E98EC302EBFB5AF0053F78E /* Move.cpp in Sources */ = {isa = PBXBuildFile; fileRef = 5E98EC1E2EBFB5AF0053F78E /* Move.cpp */; };
		5E98EC312EBFB5AF0053F78E /* SatisfactionIndex.cpp in Sources */ = {isa = PBXBuildFile; fileRef = 5E98EC252EBFB5AF0053F78E /* SatisfactionIndex.cpp */; };
		5E98EC322EBFB5AF0053F78E /* test.cpp in Sources */ = {isa = PBXBuildFile; fileRef = 5E98EC272EBFB5AF0053F78E /* test.cpp */; };
/* End PBXBuildFile section */

/* Begin PBXCopyFilesBuildPhase section */
		5EF35BEC2EBFAE61001A34B7 /* CopyFiles */ = {
			isa = PBXCopyFilesBuildPhase;
			buildActionMask = 2147483647;
			dstPath = /usr/share/man/man1/;
			dstSubfolderSpec = 0;
			files = (
			);
			runOnlyForDeploymentPostprocessing = 1;
		};
/* End PBXCopyFilesBuildPhase section */

/* Begin PBXFileReference section */
		5E98EC0D2EBFB5AF0053F78E /* AI.h */ = {isa = PBXFileReference; lastKnownFileType = sourcecode.c.h; path = AI.h; sourceTree = "<group>"; };
		5E98EC0E2EBFB5AF0053F78E /* AI.cpp */ = {isa = PBXFileReference; lastKnownFileType = sourcecode.cpp.cpp; path = AI.cpp; sourceTree = "<group>"; };
		5E98EC0F2EBFB5AF0053F78E /* Building.h */ = {isa = PBXFileReference; lastKnownFileType = sourcecode.c.h; path = Building.h; sourceTree = "<group>"; };
		5E98EC102EBFB5AF0053F78E /* Building.cpp */ = {isa = PBXFileReference; lastKnownFileType = sourcecode.cpp.cpp; path = Building.cpp; sourceTree = "<group>"; };
		5E98EC112EBFB5AF0053F78E /* BuildingState.h */ = {isa = PBXFileReference; lastKnownFileType = sourcecode.c.h; path = BuildingState.h; sourceTree = "<group>"; };
		5E98EC122EBFB5AF0053F78E /* Elevator.h */ = {isa = PBXFileReference; lastKnownFileType = sourcecode.c.h; path = Elevator.h; sourceTree = "<group>"; };
		5E98EC132EBFB5AF0053F78E /* Elevator.cpp */ = {isa = PBXFileReference; lastKnownFileType = sourcecode.cpp.cpp; path = Elevator.cpp; sourceTree = "<group>"; };
		5E98EC142EBFB5AF0053F78E /* eveningMellowGame.in */ = {isa = PBXFileReference; lastKnownFileType = text; path = eveningMellowGame.in; sourceTree = "<group>"; };
		5E98EC152EBFB5AF0053F78E /* Floor.h */ = {isa = PBXFileReference; lastKnownFileType = sourcecode.c.h; path = Floor.h; sourceTree = "<group>"; };
		5E98EC162EBFB5AF0053F78E /* Floor.cpp */ = {isa = PBXFileReference; lastKnownFileType = sourcecode.cpp.cpp; path = Floor.cpp; sourceTree = "<group>"; };
		5E98EC172EBFB5AF0053F78E /* game.in */ = {isa = PBXFileReference; lastKnownFileType = text; path = game.in; sourceTree = "<group>"; };
		5E98EC182EBFB5AF0053F78E /* Game.h */ = {isa = PBXFileReference; lastKnownFileType = sourcecode.c.h; path = Game.h; sourceTree = "<group>"; };
		5E98EC192EBFB5AF0053F78E /* Game.cpp */ = {isa = PBXFileReference; lastKnownFileType = sourcecode.cpp.cpp; path = Game.cpp; sourceTree = "<group>"; };
		5E98EC1A2EBFB5AF0053F78E /* main.cpp */ = {isa = PBXFileReference; lastKnownFileType = sourcecode.cpp.cpp; path = main.cpp; sourceTree = "<group>"; };
		5E98EC1B2EBFB5AF0053F78E /* morningNormalGame.in */ = {isa = PBXFileReference; lastKnownFileType = text; path = morningNormalGame.in; sourceTree = "<group>"; };
		5E98EC1C2EBFB5AF0053F78E /* morningPeacefulGame.in */ = {isa = PBXFileReference; lastKnownFileType = text; path = morningPeacefulGame.in; sourceTree = "<group>"; };
		5E98EC1D2EBFB5AF0053F78E /* Move.h */ = {isa = PBXFileReference; lastKnownFileType = sourcecode.c.h; path = Move.h; sourceTree = "<group>"; };
		5E98EC1E2EBFB5AF0053F78E /* Move.cpp */ = {isa = PBXFileReference; lastKnownFileType = sourcecode.cpp.cpp; path = Move.cpp; sourceTree = "<group>"; };
		5E98EC1F2EBFB5AF0053F78E /* new.in */ = {isa = PBXFileReference; lastKnownFileType = text; path = new.in; sourceTree = "<group>"; };
		5E98EC202EBFB5AF0053F78E /* Person.h */ = {isa = PBXFileReference; lastKnownFileType = sourcecode.c.h; path = Person.h; sourceTree = "<group>"; };
		5E98EC212EBFB5AF0053F78E /* Person.cpp */ = {isa = PBXFileReference; lastKnownFileType = sourcecode.cpp.cpp; path = Person.cpp; sourceTree = "<group>"; };
		5E98EC222EBFB5AF0053F78E /* randomGame.in */ = {isa = PBXFileReference; lastKnownFileType = text; path = randomGame.in; sourceTree = "<group>"; };
		5E98EC232EBFB5AF0053F78E /* randomShortGame.in */ = {isa = PBXFileReference; lastKnownFileType = text; path = randomShortGame.in; sourceTree = "<group>"; };
		5E98EC242EBFB5AF0053F78E /* SatisfactionIndex.h */ = {isa = PBXFileReference; lastKnownFileType = sourcecode.c.h; path = SatisfactionIndex.h; sourceTree = "<group>"; };
		5E98EC252EBFB5AF0053F78E /* SatisfactionIndex.cpp */ = {isa = PBXFileReference; lastKnownFileType = sourcecode.cpp.cpp; path = SatisfactionIndex.cpp; sourceTree = "<group>"; };
		5E98EC262EBFB5AF0053F78E /* save.in */ = {isa = PBXFileReference; lastKnownFileType = text; path = save.in; sourceTree = "<group>"; };
		5E98EC272EBFB5AF0053F78E /* test.cpp */ = {isa = PBXFileReference; lastKnownFileType = sourcecode.cpp.cpp; path = test.cpp; sourceTree = "<group>"; };
		5E98EC282EBFB5AF0053F78E /* Utility.h */ = {isa = PBXFileReference; lastKnownFileType = sourcecode.c.h; path = Utility.h; sourceTree = "<group>"; };
		5EF35BEE2EBFAE61001A34B7 /* Final Project */ = {isa = PBXFileReference; explicitFileType = "compiled.mach-o.executable"; includeInIndex = 0; path = "Final Project"; sourceTree = BUILT_PRODUCTS_DIR; };
/* End PBXFileReference section */

/* Begin PBXFileSystemSynchronizedRootGroup section */
		5EF35BF02EBFAE61001A34B7 /* Final Project */ = {
			isa = PBXFileSystemSynchronizedRootGroup;
			path = "Final Project";
			sourceTree = "<group>";
		};
/* End PBXFileSystemSynchronizedRootGroup section */

/* Begin PBXFrameworksBuildPhase section */
		5EF35BEB2EBFAE61001A34B7 /* Frameworks */ = {
			isa = PBXFrameworksBuildPhase;
			buildActionMask = 2147483647;
			files = (
			);
			runOnlyForDeploymentPostprocessing = 0;
		};
/* End PBXFrameworksBuildPhase section */

/* Begin PBXGroup section */
		5EF35BE52EBFAE61001A34B7 = {
			isa = PBXGroup;
			children = (
				5EF35BF02EBFAE61001A34B7 /* Final Project */,
				5EF35BEF2EBFAE61001A34B7 /* Products */,
				5E98EC0D2EBFB5AF0053F78E /* AI.h */,
				5E98EC0E2EBFB5AF0053F78E /* AI.cpp */,
				5E98EC0F2EBFB5AF0053F78E /* Building.h */,
				5E98EC102EBFB5AF0053F78E /* Building.cpp */,
				5E98EC112EBFB5AF0053F78E /* BuildingState.h */,
				5E98EC122EBFB5AF0053F78E /* Elevator.h */,
				5E98EC132EBFB5AF0053F78E /* Elevator.cpp */,
				5E98EC142EBFB5AF0053F78E /* eveningMellowGame.in */,
				5E98EC152EBFB5AF0053F78E /* Floor.h */,
				5E98EC162EBFB5AF0053F78E /* Floor.cpp */,
				5E98EC172EBFB5AF0053F78E /* game.in */,
				5E98EC182EBFB5AF0053F78E /* Game.h */,
				5E98EC192EBFB5AF0053F78E /* Game.cpp */,
				5E98EC1A2EBFB5AF0053F78E /* main.cpp */,
				5E98EC1B2EBFB5AF0053F78E /* morningNormalGame.in */,
				5E98EC1C2EBFB5AF0053F78E /* morningPeacefulGame.in */,
				5E98EC1D2EBFB5AF0053F78E /* Move.h */,
				5E98EC1E2EBFB5AF0053F78E /* Move.cpp */,
				5E98EC1F2EBFB5AF0053F78E /* new.in */,
				5E98EC202EBFB5AF0053F78E /* Person.h */,
				5E98EC212EBFB5AF0053F78E /* Person.cpp */,
				5E98EC222EBFB5AF0053F78E /* randomGame.in */,
				5E98EC232EBFB5AF0053F78E /* randomShortGame.in */,
				5E98EC242EBFB5AF0053F78E /* SatisfactionIndex.h */,
				5E98EC252EBFB5AF0053F78E /* SatisfactionIndex.cpp */,
				5E98EC262EBFB5AF0053F78E /* save.in */,
				5E98EC272EBFB5AF0053F78E /* test.cpp */,
				5E98EC282EBFB5AF0053F78E /* Utility.h */,
			);
			sourceTree = "<group>";
		};
		5EF35BEF2EBFAE61001A34B7 /* Products */ = {
			isa = PBXGroup;
			children = (
				5EF35BEE2EBFAE61001A34B7 /* Final Project */,
			);
			name = Products;
			sourceTree = "<group>";
		};
/* End PBXGroup section */

/* Begin PBXNativeTarget section */
		5EF35BED2EBFAE61001A34B7 /* Final Project */ = {
			isa = PBXNativeTarget;
			buildConfigurationList = 5EF35BF52EBFAE61001A34B7 /* Build configuration list for PBXNativeTarget "Final Project" */;
			buildPhases = (
				5EF35BEA2EBFAE61001A34B7 /* Sources */,
				5EF35BEB2EBFAE61001A34B7 /* Frameworks */,
				5EF35BEC2EBFAE61001A34B7 /* CopyFiles */,
			);
			buildRules = (
			);
			dependencies = (
			);
			fileSystemSynchronizedGroups = (
				5EF35BF02EBFAE61001A34B7 /* Final Project */,
			);
			name = "Final Project";
			packageProductDependencies = (
			);
			productName = "Final Project";
			productReference = 5EF35BEE2EBFAE61001A34B7 /* Final Project */;
			productType = "com.apple.product-type.tool";
		};
/* End PBXNativeTarget section */

/* Begin PBXProject section */
		5EF35BE62EBFAE61001A34B7 /* Project object */ = {
			isa = PBXProject;
			attributes = {
				BuildIndependentTargetsInParallel = 1;
				LastUpgradeCheck = 2610;
				TargetAttributes = {
					5EF35BED2EBFAE61001A34B7 = {
						CreatedOnToolsVersion = 26.0.1;
					};
				};
			};
			buildConfigurationList = 5EF35BE92EBFAE61001A34B7 /* Build configuration list for PBXProject "Final Project" */;
			developmentRegion = en;
			hasScannedForEncodings = 0;
			knownRegions = (
				en,
				Base,
			);
			mainGroup = 5EF35BE52EBFAE61001A34B7;
			minimizedProjectReferenceProxies = 1;
			preferredProjectObjectVersion = 77;
			productRefGroup = 5EF35BEF2EBFAE61001A34B7 /* Products */;
			projectDirPath = "";
			projectRoot = "";
			targets = (
				5EF35BED2EBFAE61001A34B7 /* Final Project */,
			);
		};
/* End PBXProject section */

/* Begin PBXSourcesBuildPhase section */
		5EF35BEA2EBFAE61001A34B7 /* Sources */ = {
			isa = PBXSourcesBuildPhase;
			buildActionMask = 2147483647;
			files = (
				5E98EC292EBFB5AF0053F78E /* AI.cpp in Sources */,
				5E98EC2A2EBFB5AF0053F78E /* Building.cpp in Sources */,
				5E98EC2B2EBFB5AF0053F78E /* main.cpp in Sources */,
				5E98EC2C2EBFB5AF0053F78E /* Game.cpp in Sources */,
				5E98EC2D2EBFB5AF0053F78E /* Elevator.cpp in Sources */,
				5E98EC2E2EBFB5AF0053F78E /* Floor.cpp in Sources */,
				5E98EC2F2EBFB5AF0053F78E /* Person.cpp in Sources */,
				5E98EC302EBFB5AF0053F78E /* Move.cpp in Sources */,
				5E98EC312EBFB5AF0053F78E /* SatisfactionIndex.cpp in Sources */,
				5E98EC322EBFB5AF0053F78E /* test.cpp in Sources */,
			);
			runOnlyForDeploymentPostprocessing = 0;
		};
/* End PBXSourcesBuildPhase section */

/* Begin XCBuildConfiguration section */
		5EF35BF32EBFAE61001A34B7 /* Debug */ = {
			isa = XCBuildConfiguration;
			buildSettings = {
				ALWAYS_SEARCH_USER_PATHS = NO;
				ASSETCATALOG_COMPILER_GENERATE_SWIFT_ASSET_SYMBOL_EXTENSIONS = YES;
				CLANG_ANALYZER_NONNULL = YES;
				CLANG_ANALYZER_NUMBER_OBJECT_CONVERSION = YES_AGGRESSIVE;
				CLANG_CXX_LANGUAGE_STANDARD = "gnu++20";
				CLANG_ENABLE_MODULES = YES;
				CLANG_ENABLE_OBJC_ARC = YES;
				CLANG_ENABLE_OBJC_WEAK = YES;
				CLANG_WARN_BLOCK_CAPTURE_AUTORELEASING = YES;
				CLANG_WARN_BOOL_CONVERSION = YES;
				CLANG_WARN_COMMA = YES;
				CLANG_WARN_CONSTANT_CONVERSION = YES;
				CLANG_WARN_DEPRECATED_OBJC_IMPLEMENTATIONS = YES;
				CLANG_WARN_DIRECT_OBJC_ISA_USAGE = YES_ERROR;
				CLANG_WARN_DOCUMENTATION_COMMENTS = YES;
				CLANG_WARN_EMPTY_BODY = YES;
				CLANG_WARN_ENUM_CONVERSION = YES;
				CLANG_WARN_INFINITE_RECURSION = YES;
				CLANG_WARN_INT_CONVERSION = YES;
				CLANG_WARN_NON_LITERAL_NULL_CONVERSION = YES;
				CLANG_WARN_OBJC_IMPLICIT_RETAIN_SELF = YES;
				CLANG_WARN_OBJC_LITERAL_CONVERSION = YES;
				CLANG_WARN_OBJC_ROOT_CLASS = YES_ERROR;
				CLANG_WARN_QUOTED_INCLUDE_IN_FRAMEWORK_HEADER = YES;
				CLANG_WARN_RANGE_LOOP_ANALYSIS = YES;
				CLANG_WARN_STRICT_PROTOTYPES = YES;
				CLANG_WARN_SUSPICIOUS_MOVE = YES;
				CLANG_WARN_UNGUARDED_AVAILABILITY = YES_AGGRESSIVE;
				CLANG_WARN_UNREACHABLE_CODE = YES;
				CLANG_WARN__DUPLICATE_METHOD_MATCH = YES;
				COPY_PHASE_STRIP = NO;
				DEAD_CODE_STRIPPING = YES;
				DEBUG_INFORMATION_FORMAT = dwarf;
				ENABLE_STRICT_OBJC_MSGSEND = YES;
				ENABLE_TESTABILITY = YES;
				ENABLE_USER_SCRIPT_SANDBOXING = YES;
				GCC_C_LANGUAGE_STANDARD = gnu17;
				GCC_DYNAMIC_NO_PIC = NO;
				GCC_NO_COMMON_BLOCKS = YES;
				GCC_OPTIMIZATION_LEVEL = 0;
				GCC_PREPROCESSOR_DEFINITIONS = (
					"DEBUG=1",
					"$(inherited)",
				);
				GCC_WARN_64_TO_32_BIT_CONVERSION = YES;
				GCC_WARN_ABOUT_RETURN_TYPE = YES_ERROR;
				GCC_WARN_UNDECLARED_SELECTOR = YES;
				GCC_WARN_UNINITIALIZED_AUTOS = YES_AGGRESSIVE;
				GCC_WARN_UNUSED_FUNCTION = YES;
				GCC_WARN_UNUSED_VARIABLE = YES;
				LOCALIZATION_PREFERS_STRING_CATALOGS = YES;
				MACOSX_DEPLOYMENT_TARGET = 26.0;
				MTL_ENABLE_DEBUG_INFO = INCLUDE_SOURCE;
				MTL_FAST_MATH = YES;
				ONLY_ACTIVE_ARCH = YES;
				SDKROOT = macosx;
				STRING_CATALOG_GENERATE_SYMBOLS = YES;
			};
			name = Debug;
		};
		5EF35BF42EBFAE61001A34B7 /* Release */ = {
			isa = XCBuildConfiguration;
			buildSettings = {
				ALWAYS_SEARCH_USER_PATHS = NO;
				ASSETCATALOG_COMPILER_GENERATE_SWIFT_ASSET_SYMBOL_EXTENSIONS = YES;
				CLANG_ANALYZER_NONNULL = YES;
				CLANG_ANALYZER_NUMBER_OBJECT_CONVERSION = YES_AGGRESSIVE;
				CLANG_CXX_LANGUAGE_STANDARD = "gnu++20";
				CLANG_ENABLE_MODULES = YES;
				CLANG_ENABLE_OBJC_ARC = YES;
				CLANG_ENABLE_OBJC_WEAK = YES;
				CLANG_WARN_BLOCK_CAPTURE_AUTORELEASING = YES;
				CLANG_WARN_BOOL_CONVERSION = YES;
				CLANG_WARN_COMMA = YES;
				CLANG_WARN_CONSTANT_CONVERSION = YES;
				CLANG_WARN_DEPRECATED_OBJC_IMPLEMENTATIONS = YES;
				CLANG_WARN_DIRECT_OBJC_ISA_USAGE = YES_ERROR;
				CLANG_WARN_DOCUMENTATION_COMMENTS = YES;
				CLANG_WARN_EMPTY_BODY = YES;
				CLANG_WARN_ENUM_CONVERSION = YES;
				CLANG_WARN_INFINITE_RECURSION = YES;
				CLANG_WARN_INT_CONVERSION = YES;
				CLANG_WARN_NON_LITERAL_NULL_CONVERSION = YES;
				CLANG_WARN_OBJC_IMPLICIT_RETAIN_SELF = YES;
				CLANG_WARN_OBJC_LITERAL_CONVERSION = YES;
				CLANG_WARN_OBJC_ROOT_CLASS = YES_ERROR;
				CLANG_WARN_QUOTED_INCLUDE_IN_FRAMEWORK_HEADER = YES;
				CLANG_WARN_RANGE_LOOP_ANALYSIS = YES;
				CLANG_WARN_STRICT_PROTOTYPES = YES;
				CLANG_WARN_SUSPICIOUS_MOVE = YES;
				CLANG_WARN_UNGUARDED_AVAILABILITY = YES_AGGRESSIVE;
				CLANG_WARN_UNREACHABLE_CODE = YES;
				CLANG_WARN__DUPLICATE_METHOD_MATCH = YES;
				COPY_PHASE_STRIP = NO;
				DEAD_CODE_STRIPPING = YES;
				DEBUG_INFORMATION_FORMAT = "dwarf-with-dsym";
				ENABLE_NS_ASSERTIONS = NO;
				ENABLE_STRICT_OBJC_MSGSEND = YES;
				ENABLE_USER_SCRIPT_SANDBOXING = YES;
				GCC_C_LANGUAGE_STANDARD = gnu17;
				GCC_NO_COMMON_BLOCKS = YES;
				GCC_WARN_64_TO_32_BIT_CONVERSION = YES;
				GCC_WARN_ABOUT_RETURN_TYPE = YES_ERROR;
				GCC_WARN_UNDECLARED_SELECTOR = YES;
				GCC_WARN_UNINITIALIZED_AUTOS = YES_AGGRESSIVE;
				GCC_WARN_UNUSED_FUNCTION = YES;
				GCC_WARN_UNUSED_VARIABLE = YES;
				LOCALIZATION_PREFERS_STRING_CATALOGS = YES;
				MACOSX_DEPLOYMENT_TARGET = 26.0;
				MTL_ENABLE_DEBUG_INFO = NO;
				MTL_FAST_MATH = YES;
				SDKROOT = macosx;
				STRING_CATALOG_GENERATE_SYMBOLS = YES;
			};
			name = Release;
		};
		5EF35BF62EBFAE61001A34B7 /* Debug */ = {
			isa = XCBuildConfiguration;
			buildSettings = {
				CODE_SIGN_STYLE = Automatic;
				DEAD_CODE_STRIPPING = YES;
				PRODUCT_NAME = "$(TARGET_NAME)";
			};
			name = Debug;
		};
		5EF35BF72EBFAE61001A34B7 /* Release */ = {
			isa = XCBuildConfiguration;
			buildSettings = {
				CODE_SIGN_STYLE = Automatic;
				DEAD_CODE_STRIPPING = YES;
				PRODUCT_NAME = "$(TARGET_NAME)";
			};
			name = Release;
		};
/* End XCBuildConfiguration section */

/* Begin XCConfigurationList section */
		5EF35BE92EBFAE61001A34B7 /* Build configuration list for PBXProject "Final Project" */ = {
			isa = XCConfigurationList;
			buildConfigurations = (
				5EF35BF32EBFAE61001A34B7 /* Debug */,
				5EF35BF42EBFAE61001A34B7 /* Release */,
			);
			defaultConfigurationIsVisible = 0;
			defaultConfigurationName = Release;
		};
		5EF35BF52EBFAE61001A34B7 /* Build configuration list for PBXNativeTarget "Final Project" */ = {
			isa = XCConfigurationList;
			buildConfigurations = (
				5EF35BF62EBFAE61001A34B7 /* Debug */,
				5EF35BF72EBFAE61001A34B7 /* Release */,
			);
			defaultConfigurationIsVisible = 0;
			defaultConfigurationName = Release;
		};
/* End XCConfigurationList section */
	};
	rootObject = 5EF35BE62EBFAE61001A34B7 /* Project object */;
}
